Microsoft Visual Studio Solution File, Format Version 12.00
# Visual Studio Version 17
VisualStudioVersion = 17.5.2.0
MinimumVisualStudioVersion = 10.0.40219.1
Project("{FAE04EC0-301F-11D3-BF4B-00C04F79EFBC}") = "ucn-user-review-backend-v3", "ucn-user-review-backend-v3.csproj", "{646B454C-A387-1265-C56F-C684DDA9D23C}"
EndProject
Global
	GlobalSection(SolutionConfigurationPlatforms) = preSolution
		Debug|Any CPU = Debug|Any CPU
		Release|Any CPU = Release|Any CPU
	EndGlobalSection
	GlobalSection(ProjectConfigurationPlatforms) = postSolution
		{646B454C-A387-1265-C56F-C684DDA9D23C}.Debug|Any CPU.ActiveCfg = Debug|Any CPU
		{646B454C-A387-1265-C56F-C684DDA9D23C}.Debug|Any CPU.Build.0 = Debug|Any CPU
		{646B454C-A387-1265-C56F-C684DDA9D23C}.Release|Any CPU.ActiveCfg = Release|Any CPU
		{646B454C-A387-1265-C56F-C684DDA9D23C}.Release|Any CPU.Build.0 = Release|Any CPU
	EndGlobalSection
	GlobalSection(SolutionProperties) = preSolution
		HideSolutionNode = FALSE
	EndGlobalSection
	GlobalSection(ExtensibilityGlobals) = postSolution
		SolutionGuid = {332061D7-2285-45BE-92CE-90BF9BFD5812}
	EndGlobalSection
EndGlobal
